
Microsoft Visual Studio Solution File, Format Version 12.00
# Visual Studio Version 17
VisualStudioVersion = 17.11.35219.272
MinimumVisualStudioVersion = 10.0.40219.1
Project("{FAE04EC0-301F-11D3-BF4B-00C04F79EFBC}") = "LIST_DSPS", "LIST_DSPS.csproj", "{A9E45B34-E490-40CB-A28E-F5A775D7DC31}"
EndProject
Global
	GlobalSection(SolutionConfigurationPlatforms) = preSolution
		Debug|Any CPU = Debug|Any CPU
		Release|Any CPU = Release|Any CPU
	EndGlobalSection
	GlobalSection(ProjectConfigurationPlatforms) = postSolution
		{A9E45B34-E490-40CB-A28E-F5A775D7DC31}.Debug|Any CPU.ActiveCfg = Debug|Any CPU
		{A9E45B34-E490-40CB-A28E-F5A775D7DC31}.Debug|Any CPU.Build.0 = Debug|Any CPU
		{A9E45B34-E490-40CB-A28E-F5A775D7DC31}.Release|Any CPU.ActiveCfg = Release|Any CPU
		{A9E45B34-E490-40CB-A28E-F5A775D7DC31}.Release|Any CPU.Build.0 = Release|Any CPU
	EndGlobalSection
	GlobalSection(SolutionProperties) = preSolution
		HideSolutionNode = FALSE
	EndGlobalSection
	GlobalSection(ExtensibilityGlobals) = postSolution
		SolutionGuid = {A908A9C6-4B1F-4FF3-AE8E-B5F5C27A7A20}
	EndGlobalSection
EndGlobal
