
Microsoft Visual Studio Solution File, Format Version 12.00
# Visual Studio Version 16
VisualStudioVersion = 16.0.30330.147
MinimumVisualStudioVersion = 10.0.40219.1
Project("{FAE04EC0-301F-11D3-BF4B-00C04F79EFBC}") = "Knapsack - DSPS", "Knapsack - DSPS.csproj", "{DC1908C6-8BCB-4261-B458-85148B91F2ED}"
EndProject
Global
	GlobalSection(SolutionConfigurationPlatforms) = preSolution
		Debug|Any CPU = Debug|Any CPU
		Release|Any CPU = Release|Any CPU
	EndGlobalSection
	GlobalSection(ProjectConfigurationPlatforms) = postSolution
		{DC1908C6-8BCB-4261-B458-85148B91F2ED}.Debug|Any CPU.ActiveCfg = Debug|Any CPU
		{DC1908C6-8BCB-4261-B458-85148B91F2ED}.Debug|Any CPU.Build.0 = Debug|Any CPU
		{DC1908C6-8BCB-4261-B458-85148B91F2ED}.Release|Any CPU.ActiveCfg = Release|Any CPU
		{DC1908C6-8BCB-4261-B458-85148B91F2ED}.Release|Any CPU.Build.0 = Release|Any CPU
	EndGlobalSection
	GlobalSection(SolutionProperties) = preSolution
		HideSolutionNode = FALSE
	EndGlobalSection
	GlobalSection(ExtensibilityGlobals) = postSolution
		SolutionGuid = {545C34ED-3715-490D-A082-AC6B76E0920B}
	EndGlobalSection
EndGlobal
