
Microsoft Visual Studio Solution File, Format Version 12.00
# Visual Studio Version 16
VisualStudioVersion = 16.0.30330.147
MinimumVisualStudioVersion = 10.0.40219.1
Project("{FAE04EC0-301F-11D3-BF4B-00C04F79EFBC}") = "ActivitySelection - DSPS", "ActivitySelection - DSPS.csproj", "{2AD356F2-643E-48B7-8A13-B7D5C1C103FF}"
EndProject
Global
	GlobalSection(SolutionConfigurationPlatforms) = preSolution
		Debug|Any CPU = Debug|Any CPU
		Release|Any CPU = Release|Any CPU
	EndGlobalSection
	GlobalSection(ProjectConfigurationPlatforms) = postSolution
		{2AD356F2-643E-48B7-8A13-B7D5C1C103FF}.Debug|Any CPU.ActiveCfg = Debug|Any CPU
		{2AD356F2-643E-48B7-8A13-B7D5C1C103FF}.Debug|Any CPU.Build.0 = Debug|Any CPU
		{2AD356F2-643E-48B7-8A13-B7D5C1C103FF}.Release|Any CPU.ActiveCfg = Release|Any CPU
		{2AD356F2-643E-48B7-8A13-B7D5C1C103FF}.Release|Any CPU.Build.0 = Release|Any CPU
	EndGlobalSection
	GlobalSection(SolutionProperties) = preSolution
		HideSolutionNode = FALSE
	EndGlobalSection
	GlobalSection(ExtensibilityGlobals) = postSolution
		SolutionGuid = {98D62DC7-D34F-42EA-B9FB-7C0B00ED1C72}
	EndGlobalSection
EndGlobal
