
Microsoft Visual Studio Solution File, Format Version 12.00
# Visual Studio Version 16
VisualStudioVersion = 16.0.31702.278
MinimumVisualStudioVersion = 10.0.40219.1
Project("{9A19103F-16F7-4668-BE54-9A1E7A4F7556}") = "DIJKSTRA - IMS", "DIJKSTRA - IMS.csproj", "{C55E938D-3774-47B5-82E2-6682A6AB0537}"
EndProject
Project("{FAE04EC0-301F-11D3-BF4B-00C04F79EFBC}") = "ActivitySelection - IMS", "..\..\10 Greedy\ActivitySelection - IMS\ActivitySelection - IMS.csproj", "{6E9350DB-8211-4D77-96BB-286909BD0247}"
EndProject
Global
	GlobalSection(SolutionConfigurationPlatforms) = preSolution
		Debug|Any CPU = Debug|Any CPU
		Release|Any CPU = Release|Any CPU
	EndGlobalSection
	GlobalSection(ProjectConfigurationPlatforms) = postSolution
		{C55E938D-3774-47B5-82E2-6682A6AB0537}.Debug|Any CPU.ActiveCfg = Debug|Any CPU
		{C55E938D-3774-47B5-82E2-6682A6AB0537}.Debug|Any CPU.Build.0 = Debug|Any CPU
		{C55E938D-3774-47B5-82E2-6682A6AB0537}.Release|Any CPU.ActiveCfg = Release|Any CPU
		{C55E938D-3774-47B5-82E2-6682A6AB0537}.Release|Any CPU.Build.0 = Release|Any CPU
		{6E9350DB-8211-4D77-96BB-286909BD0247}.Debug|Any CPU.ActiveCfg = Debug|Any CPU
		{6E9350DB-8211-4D77-96BB-286909BD0247}.Debug|Any CPU.Build.0 = Debug|Any CPU
		{6E9350DB-8211-4D77-96BB-286909BD0247}.Release|Any CPU.ActiveCfg = Release|Any CPU
		{6E9350DB-8211-4D77-96BB-286909BD0247}.Release|Any CPU.Build.0 = Release|Any CPU
	EndGlobalSection
	GlobalSection(SolutionProperties) = preSolution
		HideSolutionNode = FALSE
	EndGlobalSection
	GlobalSection(ExtensibilityGlobals) = postSolution
		SolutionGuid = {97005E1F-2965-4BC2-B67A-7334B050FFC6}
	EndGlobalSection
EndGlobal
