
Microsoft Visual Studio Solution File, Format Version 12.00
# Visual Studio Version 17
VisualStudioVersion = 17.3.32825.248
MinimumVisualStudioVersion = 10.0.40219.1
Project("{FAE04EC0-301F-11D3-BF4B-00C04F79EFBC}") = "Datastructures - DSPS", "Datastructures - DSPS.csproj", "{A346F122-05B0-4092-9790-3184A2B92B93}"
EndProject
Global
	GlobalSection(SolutionConfigurationPlatforms) = preSolution
		Debug|Any CPU = Debug|Any CPU
		Release|Any CPU = Release|Any CPU
	EndGlobalSection
	GlobalSection(ProjectConfigurationPlatforms) = postSolution
		{A346F122-05B0-4092-9790-3184A2B92B93}.Debug|Any CPU.ActiveCfg = Debug|Any CPU
		{A346F122-05B0-4092-9790-3184A2B92B93}.Debug|Any CPU.Build.0 = Debug|Any CPU
		{A346F122-05B0-4092-9790-3184A2B92B93}.Release|Any CPU.ActiveCfg = Release|Any CPU
		{A346F122-05B0-4092-9790-3184A2B92B93}.Release|Any CPU.Build.0 = Release|Any CPU
	EndGlobalSection
	GlobalSection(SolutionProperties) = preSolution
		HideSolutionNode = FALSE
	EndGlobalSection
	GlobalSection(ExtensibilityGlobals) = postSolution
		SolutionGuid = {92BFE208-1A6F-4B08-AB8F-6986A3B9E5A1}
	EndGlobalSection
EndGlobal
