Microsoft Visual Studio Solution File, Format Version 12.00
# Visual Studio Version 17
VisualStudioVersion = 17.5.2.0
MinimumVisualStudioVersion = 10.0.40219.1
Project("{FAE04EC0-301F-11D3-BF4B-00C04F79EFBC}") = "temp", "temp.csproj", "{62364CEE-4806-4382-9AB6-A6BADA476C7F}"
EndProject
Global
	GlobalSection(SolutionConfigurationPlatforms) = preSolution
		Debug|Any CPU = Debug|Any CPU
		Release|Any CPU = Release|Any CPU
	EndGlobalSection
	GlobalSection(ProjectConfigurationPlatforms) = postSolution
		{62364CEE-4806-4382-9AB6-A6BADA476C7F}.Debug|Any CPU.ActiveCfg = Debug|Any CPU
		{62364CEE-4806-4382-9AB6-A6BADA476C7F}.Debug|Any CPU.Build.0 = Debug|Any CPU
		{62364CEE-4806-4382-9AB6-A6BADA476C7F}.Release|Any CPU.ActiveCfg = Release|Any CPU
		{62364CEE-4806-4382-9AB6-A6BADA476C7F}.Release|Any CPU.Build.0 = Release|Any CPU
	EndGlobalSection
	GlobalSection(SolutionProperties) = preSolution
		HideSolutionNode = FALSE
	EndGlobalSection
	GlobalSection(ExtensibilityGlobals) = postSolution
		SolutionGuid = {427D20E7-67AA-4064-9F91-4896EB02E690}
	EndGlobalSection
EndGlobal
