
Microsoft Visual Studio Solution File, Format Version 12.00
# Visual Studio Version 16
VisualStudioVersion = 16.0.30330.147
MinimumVisualStudioVersion = 10.0.40219.1
Project("{FAE04EC0-301F-11D3-BF4B-00C04F79EFBC}") = "Recursion DSPS", "Recursion DSPS.csproj", "{47800725-0EFC-4EF0-82D5-263688EADB60}"
EndProject
Global
	GlobalSection(SolutionConfigurationPlatforms) = preSolution
		Debug|Any CPU = Debug|Any CPU
		Release|Any CPU = Release|Any CPU
	EndGlobalSection
	GlobalSection(ProjectConfigurationPlatforms) = postSolution
		{47800725-0EFC-4EF0-82D5-263688EADB60}.Debug|Any CPU.ActiveCfg = Debug|Any CPU
		{47800725-0EFC-4EF0-82D5-263688EADB60}.Debug|Any CPU.Build.0 = Debug|Any CPU
		{47800725-0EFC-4EF0-82D5-263688EADB60}.Release|Any CPU.ActiveCfg = Release|Any CPU
		{47800725-0EFC-4EF0-82D5-263688EADB60}.Release|Any CPU.Build.0 = Release|Any CPU
	EndGlobalSection
	GlobalSection(SolutionProperties) = preSolution
		HideSolutionNode = FALSE
	EndGlobalSection
	GlobalSection(ExtensibilityGlobals) = postSolution
		SolutionGuid = {BB4AD225-F583-4597-8AE8-4F892B6A6870}
	EndGlobalSection
EndGlobal
