
Microsoft Visual Studio Solution File, Format Version 12.00
# Visual Studio Version 17
VisualStudioVersion = 17.11.35219.272
MinimumVisualStudioVersion = 10.0.40219.1
Project("{FAE04EC0-301F-11D3-BF4B-00C04F79EFBC}") = "RECURSION_ADI", "RECURSION_ADI.csproj", "{F000712B-0A6B-4988-AAF6-936B2FB41B94}"
EndProject
Global
	GlobalSection(SolutionConfigurationPlatforms) = preSolution
		Debug|Any CPU = Debug|Any CPU
		Release|Any CPU = Release|Any CPU
	EndGlobalSection
	GlobalSection(ProjectConfigurationPlatforms) = postSolution
		{F000712B-0A6B-4988-AAF6-936B2FB41B94}.Debug|Any CPU.ActiveCfg = Debug|Any CPU
		{F000712B-0A6B-4988-AAF6-936B2FB41B94}.Debug|Any CPU.Build.0 = Debug|Any CPU
		{F000712B-0A6B-4988-AAF6-936B2FB41B94}.Release|Any CPU.ActiveCfg = Release|Any CPU
		{F000712B-0A6B-4988-AAF6-936B2FB41B94}.Release|Any CPU.Build.0 = Release|Any CPU
	EndGlobalSection
	GlobalSection(SolutionProperties) = preSolution
		HideSolutionNode = FALSE
	EndGlobalSection
	GlobalSection(ExtensibilityGlobals) = postSolution
		SolutionGuid = {7B5B1E77-7BB0-47FF-B146-C76EB3E267F8}
	EndGlobalSection
EndGlobal
