
Microsoft Visual Studio Solution File, Format Version 12.00
# Visual Studio Version 17
VisualStudioVersion = 17.3.32825.248
MinimumVisualStudioVersion = 10.0.40219.1
Project("{FAE04EC0-301F-11D3-BF4B-00C04F79EFBC}") = "Rod Cutting - IMS", "Rod Cutting - IMS.csproj", "{FB67BF51-C3A8-4BEA-9613-CAFBAC0A1A1B}"
EndProject
Global
	GlobalSection(SolutionConfigurationPlatforms) = preSolution
		Debug|Any CPU = Debug|Any CPU
		Release|Any CPU = Release|Any CPU
	EndGlobalSection
	GlobalSection(ProjectConfigurationPlatforms) = postSolution
		{FB67BF51-C3A8-4BEA-9613-CAFBAC0A1A1B}.Debug|Any CPU.ActiveCfg = Debug|Any CPU
		{FB67BF51-C3A8-4BEA-9613-CAFBAC0A1A1B}.Debug|Any CPU.Build.0 = Debug|Any CPU
		{FB67BF51-C3A8-4BEA-9613-CAFBAC0A1A1B}.Release|Any CPU.ActiveCfg = Release|Any CPU
		{FB67BF51-C3A8-4BEA-9613-CAFBAC0A1A1B}.Release|Any CPU.Build.0 = Release|Any CPU
	EndGlobalSection
	GlobalSection(SolutionProperties) = preSolution
		HideSolutionNode = FALSE
	EndGlobalSection
	GlobalSection(ExtensibilityGlobals) = postSolution
		SolutionGuid = {4F1D2EC0-1036-4D38-AECE-E38A96E530D3}
	EndGlobalSection
EndGlobal
