
Microsoft Visual Studio Solution File, Format Version 12.00
# Visual Studio Version 17
VisualStudioVersion = 17.11.35219.272
MinimumVisualStudioVersion = 10.0.40219.1
Project("{FAE04EC0-301F-11D3-BF4B-00C04F79EFBC}") = "DSPS_Dynamic", "DSPS_Dynamic.csproj", "{4ADF42F1-2FE8-45C7-95CD-EE9A5CAED6DE}"
EndProject
Global
	GlobalSection(SolutionConfigurationPlatforms) = preSolution
		Debug|Any CPU = Debug|Any CPU
		Release|Any CPU = Release|Any CPU
	EndGlobalSection
	GlobalSection(ProjectConfigurationPlatforms) = postSolution
		{4ADF42F1-2FE8-45C7-95CD-EE9A5CAED6DE}.Debug|Any CPU.ActiveCfg = Debug|Any CPU
		{4ADF42F1-2FE8-45C7-95CD-EE9A5CAED6DE}.Debug|Any CPU.Build.0 = Debug|Any CPU
		{4ADF42F1-2FE8-45C7-95CD-EE9A5CAED6DE}.Release|Any CPU.ActiveCfg = Release|Any CPU
		{4ADF42F1-2FE8-45C7-95CD-EE9A5CAED6DE}.Release|Any CPU.Build.0 = Release|Any CPU
	EndGlobalSection
	GlobalSection(SolutionProperties) = preSolution
		HideSolutionNode = FALSE
	EndGlobalSection
	GlobalSection(ExtensibilityGlobals) = postSolution
		SolutionGuid = {B279DEBA-0704-464C-9C4A-B6B5AC53E864}
	EndGlobalSection
EndGlobal
