
Microsoft Visual Studio Solution File, Format Version 12.00
# Visual Studio Version 17
VisualStudioVersion = 17.3.32825.248
MinimumVisualStudioVersion = 10.0.40219.1
Project("{FAE04EC0-301F-11D3-BF4B-00C04F79EFBC}") = "DSPS", "DSPS.csproj", "{891BCE9B-57A4-4EA7-9711-C19FFFD67F85}"
EndProject
Global
	GlobalSection(SolutionConfigurationPlatforms) = preSolution
		Debug|Any CPU = Debug|Any CPU
		Release|Any CPU = Release|Any CPU
	EndGlobalSection
	GlobalSection(ProjectConfigurationPlatforms) = postSolution
		{891BCE9B-57A4-4EA7-9711-C19FFFD67F85}.Debug|Any CPU.ActiveCfg = Debug|Any CPU
		{891BCE9B-57A4-4EA7-9711-C19FFFD67F85}.Debug|Any CPU.Build.0 = Debug|Any CPU
		{891BCE9B-57A4-4EA7-9711-C19FFFD67F85}.Release|Any CPU.ActiveCfg = Release|Any CPU
		{891BCE9B-57A4-4EA7-9711-C19FFFD67F85}.Release|Any CPU.Build.0 = Release|Any CPU
	EndGlobalSection
	GlobalSection(SolutionProperties) = preSolution
		HideSolutionNode = FALSE
	EndGlobalSection
	GlobalSection(ExtensibilityGlobals) = postSolution
		SolutionGuid = {7E065C7D-1A7C-414C-95AD-8363F4A62FBD}
	EndGlobalSection
EndGlobal
