
Microsoft Visual Studio Solution File, Format Version 12.00
# Visual Studio Version 17
VisualStudioVersion = 17.11.35219.272
MinimumVisualStudioVersion = 10.0.40219.1
Project("{FAE04EC0-301F-11D3-BF4B-00C04F79EFBC}") = "DSPS_Dijkstra", "DSPS_Dijkstra.csproj", "{6C461497-E683-41D3-9F86-8CF8FEF52191}"
EndProject
Global
	GlobalSection(SolutionConfigurationPlatforms) = preSolution
		Debug|Any CPU = Debug|Any CPU
		Release|Any CPU = Release|Any CPU
	EndGlobalSection
	GlobalSection(ProjectConfigurationPlatforms) = postSolution
		{6C461497-E683-41D3-9F86-8CF8FEF52191}.Debug|Any CPU.ActiveCfg = Debug|Any CPU
		{6C461497-E683-41D3-9F86-8CF8FEF52191}.Debug|Any CPU.Build.0 = Debug|Any CPU
		{6C461497-E683-41D3-9F86-8CF8FEF52191}.Release|Any CPU.ActiveCfg = Release|Any CPU
		{6C461497-E683-41D3-9F86-8CF8FEF52191}.Release|Any CPU.Build.0 = Release|Any CPU
	EndGlobalSection
	GlobalSection(SolutionProperties) = preSolution
		HideSolutionNode = FALSE
	EndGlobalSection
	GlobalSection(ExtensibilityGlobals) = postSolution
		SolutionGuid = {12BBCF9A-EE03-4E56-B8DD-19E9207DC038}
	EndGlobalSection
EndGlobal
