
Microsoft Visual Studio Solution File, Format Version 12.00
# Visual Studio Version 17
VisualStudioVersion = 17.3.32825.248
MinimumVisualStudioVersion = 10.0.40219.1
Project("{FAE04EC0-301F-11D3-BF4B-00C04F79EFBC}") = "DSPS", "DSPS.csproj", "{E1AAF029-5630-41FE-8203-64CED6AF11CB}"
EndProject
Global
	GlobalSection(SolutionConfigurationPlatforms) = preSolution
		Debug|Any CPU = Debug|Any CPU
		Release|Any CPU = Release|Any CPU
	EndGlobalSection
	GlobalSection(ProjectConfigurationPlatforms) = postSolution
		{E1AAF029-5630-41FE-8203-64CED6AF11CB}.Debug|Any CPU.ActiveCfg = Debug|Any CPU
		{E1AAF029-5630-41FE-8203-64CED6AF11CB}.Debug|Any CPU.Build.0 = Debug|Any CPU
		{E1AAF029-5630-41FE-8203-64CED6AF11CB}.Release|Any CPU.ActiveCfg = Release|Any CPU
		{E1AAF029-5630-41FE-8203-64CED6AF11CB}.Release|Any CPU.Build.0 = Release|Any CPU
	EndGlobalSection
	GlobalSection(SolutionProperties) = preSolution
		HideSolutionNode = FALSE
	EndGlobalSection
	GlobalSection(ExtensibilityGlobals) = postSolution
		SolutionGuid = {E18B8B55-DB3D-4C9C-A725-16D04FA7250F}
	EndGlobalSection
EndGlobal
