
Microsoft Visual Studio Solution File, Format Version 12.00
# Visual Studio Version 16
VisualStudioVersion = 16.0.31702.278
MinimumVisualStudioVersion = 10.0.40219.1
Project("{FAE04EC0-301F-11D3-BF4B-00C04F79EFBC}") = "Hello Big O", "Hello Big O.csproj", "{3219C1C6-AF2E-40A5-BD6C-D4EF634613F4}"
EndProject
Global
	GlobalSection(SolutionConfigurationPlatforms) = preSolution
		Debug|Any CPU = Debug|Any CPU
		Release|Any CPU = Release|Any CPU
	EndGlobalSection
	GlobalSection(ProjectConfigurationPlatforms) = postSolution
		{3219C1C6-AF2E-40A5-BD6C-D4EF634613F4}.Debug|Any CPU.ActiveCfg = Debug|Any CPU
		{3219C1C6-AF2E-40A5-BD6C-D4EF634613F4}.Debug|Any CPU.Build.0 = Debug|Any CPU
		{3219C1C6-AF2E-40A5-BD6C-D4EF634613F4}.Release|Any CPU.ActiveCfg = Release|Any CPU
		{3219C1C6-AF2E-40A5-BD6C-D4EF634613F4}.Release|Any CPU.Build.0 = Release|Any CPU
	EndGlobalSection
	GlobalSection(SolutionProperties) = preSolution
		HideSolutionNode = FALSE
	EndGlobalSection
	GlobalSection(ExtensibilityGlobals) = postSolution
		SolutionGuid = {5A078261-493A-4992-B6AF-E9AD941EAAA5}
	EndGlobalSection
EndGlobal
