
Microsoft Visual Studio Solution File, Format Version 12.00
# Visual Studio Version 17
VisualStudioVersion = 17.3.32825.248
MinimumVisualStudioVersion = 10.0.40219.1
Project("{FAE04EC0-301F-11D3-BF4B-00C04F79EFBC}") = "Hello Big O - DSPS", "Hello Big O - DSPS.csproj", "{2990AEF8-D7EE-44D8-A933-1E060C6E3117}"
EndProject
Project("{2150E333-8FDC-42A3-9474-1A3956D46DE8}") = "01 Hello Big O", "01 Hello Big O", "{C999D519-3157-403A-8B7B-BAAD4A91A122}"
EndProject
Global
	GlobalSection(SolutionConfigurationPlatforms) = preSolution
		Debug|Any CPU = Debug|Any CPU
		Release|Any CPU = Release|Any CPU
	EndGlobalSection
	GlobalSection(ProjectConfigurationPlatforms) = postSolution
		{2990AEF8-D7EE-44D8-A933-1E060C6E3117}.Debug|Any CPU.ActiveCfg = Debug|Any CPU
		{2990AEF8-D7EE-44D8-A933-1E060C6E3117}.Debug|Any CPU.Build.0 = Debug|Any CPU
		{2990AEF8-D7EE-44D8-A933-1E060C6E3117}.Release|Any CPU.ActiveCfg = Release|Any CPU
		{2990AEF8-D7EE-44D8-A933-1E060C6E3117}.Release|Any CPU.Build.0 = Release|Any CPU
	EndGlobalSection
	GlobalSection(SolutionProperties) = preSolution
		HideSolutionNode = FALSE
	EndGlobalSection
	GlobalSection(NestedProjects) = preSolution
		{2990AEF8-D7EE-44D8-A933-1E060C6E3117} = {C999D519-3157-403A-8B7B-BAAD4A91A122}
	EndGlobalSection
	GlobalSection(ExtensibilityGlobals) = postSolution
		SolutionGuid = {502EF667-6586-42D1-A306-265877BA7D36}
	EndGlobalSection
EndGlobal
