
Microsoft Visual Studio Solution File, Format Version 12.00
# Visual Studio Version 16
VisualStudioVersion = 16.0.30330.147
MinimumVisualStudioVersion = 10.0.40219.1
Project("{FAE04EC0-301F-11D3-BF4B-00C04F79EFBC}") = "Trial Exam", "Trial Exam\Trial Exam.csproj", "{C6511635-264E-4768-A951-6D80156D93A7}"
EndProject
Global
	GlobalSection(SolutionConfigurationPlatforms) = preSolution
		Debug|Any CPU = Debug|Any CPU
		Release|Any CPU = Release|Any CPU
	EndGlobalSection
	GlobalSection(ProjectConfigurationPlatforms) = postSolution
		{C6511635-264E-4768-A951-6D80156D93A7}.Debug|Any CPU.ActiveCfg = Debug|Any CPU
		{C6511635-264E-4768-A951-6D80156D93A7}.Debug|Any CPU.Build.0 = Debug|Any CPU
		{C6511635-264E-4768-A951-6D80156D93A7}.Release|Any CPU.ActiveCfg = Release|Any CPU
		{C6511635-264E-4768-A951-6D80156D93A7}.Release|Any CPU.Build.0 = Release|Any CPU
	EndGlobalSection
	GlobalSection(SolutionProperties) = preSolution
		HideSolutionNode = FALSE
	EndGlobalSection
	GlobalSection(ExtensibilityGlobals) = postSolution
		SolutionGuid = {B760AE9A-59DB-4C6F-BB3F-AC0E9DE9EA99}
	EndGlobalSection
EndGlobal
