
Microsoft Visual Studio Solution File, Format Version 12.00
# Visual Studio Version 16
VisualStudioVersion = 16.0.31702.278
MinimumVisualStudioVersion = 10.0.40219.1
Project("{FAE04EC0-301F-11D3-BF4B-00C04F79EFBC}") = "Stack - DSPS", "Stack - DSPS.csproj", "{49225795-C6B9-44BD-B132-D20ED69B6818}"
EndProject
Global
	GlobalSection(SolutionConfigurationPlatforms) = preSolution
		Debug|Any CPU = Debug|Any CPU
		Release|Any CPU = Release|Any CPU
	EndGlobalSection
	GlobalSection(ProjectConfigurationPlatforms) = postSolution
		{49225795-C6B9-44BD-B132-D20ED69B6818}.Debug|Any CPU.ActiveCfg = Debug|Any CPU
		{49225795-C6B9-44BD-B132-D20ED69B6818}.Debug|Any CPU.Build.0 = Debug|Any CPU
		{49225795-C6B9-44BD-B132-D20ED69B6818}.Release|Any CPU.ActiveCfg = Release|Any CPU
		{49225795-C6B9-44BD-B132-D20ED69B6818}.Release|Any CPU.Build.0 = Release|Any CPU
	EndGlobalSection
	GlobalSection(SolutionProperties) = preSolution
		HideSolutionNode = FALSE
	EndGlobalSection
	GlobalSection(ExtensibilityGlobals) = postSolution
		SolutionGuid = {C165979E-2497-4C8C-BC3E-AE6B51B354D7}
	EndGlobalSection
EndGlobal
