
Microsoft Visual Studio Solution File, Format Version 12.00
# Visual Studio Version 16
VisualStudioVersion = 16.0.31911.196
MinimumVisualStudioVersion = 10.0.40219.1
Project("{FAE04EC0-301F-11D3-BF4B-00C04F79EFBC}") = "Knapsack - IMS", "Knapsack - IMS.csproj", "{2CAFCB09-8235-48E0-A134-233DDAA15BFC}"
EndProject
Global
	GlobalSection(SolutionConfigurationPlatforms) = preSolution
		Debug|Any CPU = Debug|Any CPU
		Release|Any CPU = Release|Any CPU
	EndGlobalSection
	GlobalSection(ProjectConfigurationPlatforms) = postSolution
		{2CAFCB09-8235-48E0-A134-233DDAA15BFC}.Debug|Any CPU.ActiveCfg = Debug|Any CPU
		{2CAFCB09-8235-48E0-A134-233DDAA15BFC}.Debug|Any CPU.Build.0 = Debug|Any CPU
		{2CAFCB09-8235-48E0-A134-233DDAA15BFC}.Release|Any CPU.ActiveCfg = Release|Any CPU
		{2CAFCB09-8235-48E0-A134-233DDAA15BFC}.Release|Any CPU.Build.0 = Release|Any CPU
	EndGlobalSection
	GlobalSection(SolutionProperties) = preSolution
		HideSolutionNode = FALSE
	EndGlobalSection
	GlobalSection(ExtensibilityGlobals) = postSolution
		SolutionGuid = {1F3E22AA-BB25-444C-B47D-C28DE7D02D70}
	EndGlobalSection
EndGlobal
