
Microsoft Visual Studio Solution File, Format Version 12.00
# Visual Studio Version 17
VisualStudioVersion = 17.3.32825.248
MinimumVisualStudioVersion = 10.0.40219.1
Project("{FAE04EC0-301F-11D3-BF4B-00C04F79EFBC}") = "DC - DSPS", "DC - DSPS.csproj", "{EB38630C-1D6B-4FFD-B5ED-9831F417FF3A}"
EndProject
Global
	GlobalSection(SolutionConfigurationPlatforms) = preSolution
		Debug|Any CPU = Debug|Any CPU
		Release|Any CPU = Release|Any CPU
	EndGlobalSection
	GlobalSection(ProjectConfigurationPlatforms) = postSolution
		{EB38630C-1D6B-4FFD-B5ED-9831F417FF3A}.Debug|Any CPU.ActiveCfg = Debug|Any CPU
		{EB38630C-1D6B-4FFD-B5ED-9831F417FF3A}.Debug|Any CPU.Build.0 = Debug|Any CPU
		{EB38630C-1D6B-4FFD-B5ED-9831F417FF3A}.Release|Any CPU.ActiveCfg = Release|Any CPU
		{EB38630C-1D6B-4FFD-B5ED-9831F417FF3A}.Release|Any CPU.Build.0 = Release|Any CPU
	EndGlobalSection
	GlobalSection(SolutionProperties) = preSolution
		HideSolutionNode = FALSE
	EndGlobalSection
	GlobalSection(ExtensibilityGlobals) = postSolution
		SolutionGuid = {A12D2E7E-869E-4FCE-8218-66C116B19603}
	EndGlobalSection
EndGlobal
