
Microsoft Visual Studio Solution File, Format Version 12.00
# Visual Studio Version 17
VisualStudioVersion = 17.3.32825.248
MinimumVisualStudioVersion = 10.0.40219.1
Project("{FAE04EC0-301F-11D3-BF4B-00C04F79EFBC}") = "DSPS", "DSPS.csproj", "{2958522F-6A7C-476D-A876-DCFF08A1DAFF}"
EndProject
Global
	GlobalSection(SolutionConfigurationPlatforms) = preSolution
		Debug|Any CPU = Debug|Any CPU
		Release|Any CPU = Release|Any CPU
	EndGlobalSection
	GlobalSection(ProjectConfigurationPlatforms) = postSolution
		{2958522F-6A7C-476D-A876-DCFF08A1DAFF}.Debug|Any CPU.ActiveCfg = Debug|Any CPU
		{2958522F-6A7C-476D-A876-DCFF08A1DAFF}.Debug|Any CPU.Build.0 = Debug|Any CPU
		{2958522F-6A7C-476D-A876-DCFF08A1DAFF}.Release|Any CPU.ActiveCfg = Release|Any CPU
		{2958522F-6A7C-476D-A876-DCFF08A1DAFF}.Release|Any CPU.Build.0 = Release|Any CPU
	EndGlobalSection
	GlobalSection(SolutionProperties) = preSolution
		HideSolutionNode = FALSE
	EndGlobalSection
	GlobalSection(ExtensibilityGlobals) = postSolution
		SolutionGuid = {A92A47DA-CDF5-472F-B5C0-4D4EF8AD2D5F}
	EndGlobalSection
EndGlobal
