
Microsoft Visual Studio Solution File, Format Version 12.00
# Visual Studio Version 16
VisualStudioVersion = 16.0.31702.278
MinimumVisualStudioVersion = 10.0.40219.1
Project("{FAE04EC0-301F-11D3-BF4B-00C04F79EFBC}") = "DC - IMS", "DC - IMS.csproj", "{FEA8369C-3DD2-40EB-AF8A-CB9B9BA55F47}"
EndProject
Global
	GlobalSection(SolutionConfigurationPlatforms) = preSolution
		Debug|Any CPU = Debug|Any CPU
		Release|Any CPU = Release|Any CPU
	EndGlobalSection
	GlobalSection(ProjectConfigurationPlatforms) = postSolution
		{FEA8369C-3DD2-40EB-AF8A-CB9B9BA55F47}.Debug|Any CPU.ActiveCfg = Debug|Any CPU
		{FEA8369C-3DD2-40EB-AF8A-CB9B9BA55F47}.Debug|Any CPU.Build.0 = Debug|Any CPU
		{FEA8369C-3DD2-40EB-AF8A-CB9B9BA55F47}.Release|Any CPU.ActiveCfg = Release|Any CPU
		{FEA8369C-3DD2-40EB-AF8A-CB9B9BA55F47}.Release|Any CPU.Build.0 = Release|Any CPU
	EndGlobalSection
	GlobalSection(SolutionProperties) = preSolution
		HideSolutionNode = FALSE
	EndGlobalSection
	GlobalSection(ExtensibilityGlobals) = postSolution
		SolutionGuid = {EE68A3AF-7513-4243-9079-7C5BFB8367FA}
	EndGlobalSection
EndGlobal
