
Microsoft Visual Studio Solution File, Format Version 12.00
# Visual Studio Version 17
VisualStudioVersion = 17.11.35219.272
MinimumVisualStudioVersion = 10.0.40219.1
Project("{FAE04EC0-301F-11D3-BF4B-00C04F79EFBC}") = "ADI_Maze", "ADI_Maze.csproj", "{B3AB5605-2241-4EA0-93B5-CAFEB0744B7C}"
EndProject
Global
	GlobalSection(SolutionConfigurationPlatforms) = preSolution
		Debug|Any CPU = Debug|Any CPU
		Release|Any CPU = Release|Any CPU
	EndGlobalSection
	GlobalSection(ProjectConfigurationPlatforms) = postSolution
		{B3AB5605-2241-4EA0-93B5-CAFEB0744B7C}.Debug|Any CPU.ActiveCfg = Debug|Any CPU
		{B3AB5605-2241-4EA0-93B5-CAFEB0744B7C}.Debug|Any CPU.Build.0 = Debug|Any CPU
		{B3AB5605-2241-4EA0-93B5-CAFEB0744B7C}.Release|Any CPU.ActiveCfg = Release|Any CPU
		{B3AB5605-2241-4EA0-93B5-CAFEB0744B7C}.Release|Any CPU.Build.0 = Release|Any CPU
	EndGlobalSection
	GlobalSection(SolutionProperties) = preSolution
		HideSolutionNode = FALSE
	EndGlobalSection
	GlobalSection(ExtensibilityGlobals) = postSolution
		SolutionGuid = {A8229F05-72CC-4C55-B014-D93DD9FED704}
	EndGlobalSection
EndGlobal
