
Microsoft Visual Studio Solution File, Format Version 12.00
# Visual Studio Version 17
VisualStudioVersion = 17.3.32825.248
MinimumVisualStudioVersion = 10.0.40219.1
Project("{FAE04EC0-301F-11D3-BF4B-00C04F79EFBC}") = "DC - IMS", "DC - IMS.csproj", "{A2E6607F-1105-4A79-A5D9-AF6262C710D2}"
EndProject
Global
	GlobalSection(SolutionConfigurationPlatforms) = preSolution
		Debug|Any CPU = Debug|Any CPU
		Release|Any CPU = Release|Any CPU
	EndGlobalSection
	GlobalSection(ProjectConfigurationPlatforms) = postSolution
		{A2E6607F-1105-4A79-A5D9-AF6262C710D2}.Debug|Any CPU.ActiveCfg = Debug|Any CPU
		{A2E6607F-1105-4A79-A5D9-AF6262C710D2}.Debug|Any CPU.Build.0 = Debug|Any CPU
		{A2E6607F-1105-4A79-A5D9-AF6262C710D2}.Release|Any CPU.ActiveCfg = Release|Any CPU
		{A2E6607F-1105-4A79-A5D9-AF6262C710D2}.Release|Any CPU.Build.0 = Release|Any CPU
	EndGlobalSection
	GlobalSection(SolutionProperties) = preSolution
		HideSolutionNode = FALSE
	EndGlobalSection
	GlobalSection(ExtensibilityGlobals) = postSolution
		SolutionGuid = {554BA86F-5F8D-40BB-9A85-9D0CFBDB050A}
	EndGlobalSection
EndGlobal
