
Microsoft Visual Studio Solution File, Format Version 12.00
# Visual Studio Version 17
VisualStudioVersion = 17.11.35219.272
MinimumVisualStudioVersion = 10.0.40219.1
Project("{FAE04EC0-301F-11D3-BF4B-00C04F79EFBC}") = "SORT_IMS", "SORT_IMS.csproj", "{E4835636-F747-4FCD-BE3D-A0E2811C4DEE}"
EndProject
Global
	GlobalSection(SolutionConfigurationPlatforms) = preSolution
		Debug|Any CPU = Debug|Any CPU
		Release|Any CPU = Release|Any CPU
	EndGlobalSection
	GlobalSection(ProjectConfigurationPlatforms) = postSolution
		{E4835636-F747-4FCD-BE3D-A0E2811C4DEE}.Debug|Any CPU.ActiveCfg = Debug|Any CPU
		{E4835636-F747-4FCD-BE3D-A0E2811C4DEE}.Debug|Any CPU.Build.0 = Debug|Any CPU
		{E4835636-F747-4FCD-BE3D-A0E2811C4DEE}.Release|Any CPU.ActiveCfg = Release|Any CPU
		{E4835636-F747-4FCD-BE3D-A0E2811C4DEE}.Release|Any CPU.Build.0 = Release|Any CPU
	EndGlobalSection
	GlobalSection(SolutionProperties) = preSolution
		HideSolutionNode = FALSE
	EndGlobalSection
	GlobalSection(ExtensibilityGlobals) = postSolution
		SolutionGuid = {FD411371-80A8-409C-8C84-86D9168E4995}
	EndGlobalSection
EndGlobal
