
Microsoft Visual Studio Solution File, Format Version 12.00
# Visual Studio Version 16
VisualStudioVersion = 16.0.31702.278
MinimumVisualStudioVersion = 10.0.40219.1
Project("{FAE04EC0-301F-11D3-BF4B-00C04F79EFBC}") = "Singly Linked List - DSPS", "Singly Linked List - DSPS.csproj", "{A8BA1299-4AB5-4E4B-86BB-F7C5ACC21361}"
EndProject
Global
	GlobalSection(SolutionConfigurationPlatforms) = preSolution
		Debug|Any CPU = Debug|Any CPU
		Release|Any CPU = Release|Any CPU
	EndGlobalSection
	GlobalSection(ProjectConfigurationPlatforms) = postSolution
		{A8BA1299-4AB5-4E4B-86BB-F7C5ACC21361}.Debug|Any CPU.ActiveCfg = Debug|Any CPU
		{A8BA1299-4AB5-4E4B-86BB-F7C5ACC21361}.Debug|Any CPU.Build.0 = Debug|Any CPU
		{A8BA1299-4AB5-4E4B-86BB-F7C5ACC21361}.Release|Any CPU.ActiveCfg = Release|Any CPU
		{A8BA1299-4AB5-4E4B-86BB-F7C5ACC21361}.Release|Any CPU.Build.0 = Release|Any CPU
	EndGlobalSection
	GlobalSection(SolutionProperties) = preSolution
		HideSolutionNode = FALSE
	EndGlobalSection
	GlobalSection(ExtensibilityGlobals) = postSolution
		SolutionGuid = {034D4006-F66F-4DB3-A219-7C8B2965E0D8}
	EndGlobalSection
EndGlobal
